
Microsoft Visual Studio Solution File, Format Version 12.00
# Visual Studio Version 17
VisualStudioVersion = 17.6.33801.468
MinimumVisualStudioVersion = 10.0.40219.1
Project("{9A19103F-16F7-4668-BE54-9A1E7A4F7556}") = "dotnet", "dotnet.csproj", "{3EC7360E-7870-4B68-86C2-348F96BF3B2F}"
EndProject
Project("{E53339B2-1760-4266-BCC7-CA923CBCF16C}") = "docker-compose", "docker-compose.dcproj", "{271995A9-DFF1-49AD-BFFB-98E02B18FDF3}"
EndProject
Global
	GlobalSection(SolutionConfigurationPlatforms) = preSolution
		Debug|Any CPU = Debug|Any CPU
		Release|Any CPU = Release|Any CPU
	EndGlobalSection
	GlobalSection(ProjectConfigurationPlatforms) = postSolution
		{3EC7360E-7870-4B68-86C2-348F96BF3B2F}.Debug|Any CPU.ActiveCfg = Debug|Any CPU
		{3EC7360E-7870-4B68-86C2-348F96BF3B2F}.Debug|Any CPU.Build.0 = Debug|Any CPU
		{3EC7360E-7870-4B68-86C2-348F96BF3B2F}.Release|Any CPU.ActiveCfg = Release|Any CPU
		{3EC7360E-7870-4B68-86C2-348F96BF3B2F}.Release|Any CPU.Build.0 = Release|Any CPU
		{271995A9-DFF1-49AD-BFFB-98E02B18FDF3}.Debug|Any CPU.ActiveCfg = Debug|Any CPU
		{271995A9-DFF1-49AD-BFFB-98E02B18FDF3}.Debug|Any CPU.Build.0 = Debug|Any CPU
		{271995A9-DFF1-49AD-BFFB-98E02B18FDF3}.Release|Any CPU.ActiveCfg = Release|Any CPU
		{271995A9-DFF1-49AD-BFFB-98E02B18FDF3}.Release|Any CPU.Build.0 = Release|Any CPU
	EndGlobalSection
	GlobalSection(SolutionProperties) = preSolution
		HideSolutionNode = FALSE
	EndGlobalSection
	GlobalSection(ExtensibilityGlobals) = postSolution
		SolutionGuid = {E96EED0E-CA82-438E-ADEF-5C185FC809CD}
	EndGlobalSection
EndGlobal
